// !$*UTF8*$!
{
	archiveVersion = 1;
	classes = {
	};
	objectVersion = 56;
	objects = {

/* Begin PBXBuildFile section */
		100832152B82E96E00A962C8 /* HardAndOptionalTry.swift in Sources */ = {isa = PBXBuildFile; fileRef = 100832142B82E96E00A962C8 /* HardAndOptionalTry.swift */; };
		100832172B82FC1600A962C8 /* AsyncAwait.swift in Sources */ = {isa = PBXBuildFile; fileRef = 100832162B82FC1600A962C8 /* AsyncAwait.swift */; };
		109D812E2B85A7C800E474B3 /* AsyncAwait2.swift in Sources */ = {isa = PBXBuildFile; fileRef = 109D812D2B85A7C800E474B3 /* AsyncAwait2.swift */; };
		109D81302B85C32900E474B3 /* MyTask.swift in Sources */ = {isa = PBXBuildFile; fileRef = 109D812F2B85C32900E474B3 /* MyTask.swift */; };
		109D81322B85D97B00E474B3 /* MyTaskHome.swift in Sources */ = {isa = PBXBuildFile; fileRef = 109D81312B85D97B00E474B3 /* MyTaskHome.swift */; };
		109D81342B85D9F700E474B3 /* MyTask2.swift in Sources */ = {isa = PBXBuildFile; fileRef = 109D81332B85D9F700E474B3 /* MyTask2.swift */; };
		109D81362B85E18100E474B3 /* AsyncLet.swift in Sources */ = {isa = PBXBuildFile; fileRef = 109D81352B85E18100E474B3 /* AsyncLet.swift */; };
		109D81382B85EAE000E474B3 /* MyTaskGroup.swift in Sources */ = {isa = PBXBuildFile; fileRef = 109D81372B85EAE000E474B3 /* MyTaskGroup.swift */; };
		A2A619B92B0DD54E008BFB39 /* SwiftConcurrencyApp.swift in Sources */ = {isa = PBXBuildFile; fileRef = A2A619B82B0DD54E008BFB39 /* SwiftConcurrencyApp.swift */; };
		A2A619BB2B0DD54E008BFB39 /* ContentView.swift in Sources */ = {isa = PBXBuildFile; fileRef = A2A619BA2B0DD54E008BFB39 /* ContentView.swift */; };
		A2A619BD2B0DD559008BFB39 /* Assets.xcassets in Resources */ = {isa = PBXBuildFile; fileRef = A2A619BC2B0DD559008BFB39 /* Assets.xcassets */; };
		A2A619C02B0DD55A008BFB39 /* Preview Assets.xcassets in Resources */ = {isa = PBXBuildFile; fileRef = A2A619BF2B0DD55A008BFB39 /* Preview Assets.xcassets */; };
		A2A619CB2B0DD726008BFB39 /* ClinicLocationTrackerDemo.swift in Sources */ = {isa = PBXBuildFile; fileRef = A2A619CA2B0DD726008BFB39 /* ClinicLocationTrackerDemo.swift */; };
		A2A619CD2B0DD76D008BFB39 /* ClinicLocationTrackerViewModel.swift in Sources */ = {isa = PBXBuildFile; fileRef = A2A619CC2B0DD76D008BFB39 /* ClinicLocationTrackerViewModel.swift */; };
		A2A619CF2B0DD8AB008BFB39 /* ClinicLocationTrackerInfo.swift in Sources */ = {isa = PBXBuildFile; fileRef = A2A619CE2B0DD8AB008BFB39 /* ClinicLocationTrackerInfo.swift */; };
/* End PBXBuildFile section */

/* Begin PBXFileReference section */
		100832142B82E96E00A962C8 /* HardAndOptionalTry.swift */ = {isa = PBXFileReference; lastKnownFileType = sourcecode.swift; path = HardAndOptionalTry.swift; sourceTree = "<group>"; };
		100832162B82FC1600A962C8 /* AsyncAwait.swift */ = {isa = PBXFileReference; lastKnownFileType = sourcecode.swift; path = AsyncAwait.swift; sourceTree = "<group>"; };
		109D812D2B85A7C800E474B3 /* AsyncAwait2.swift */ = {isa = PBXFileReference; lastKnownFileType = sourcecode.swift; path = AsyncAwait2.swift; sourceTree = "<group>"; };
		109D812F2B85C32900E474B3 /* MyTask.swift */ = {isa = PBXFileReference; lastKnownFileType = sourcecode.swift; path = MyTask.swift; sourceTree = "<group>"; };
		109D81312B85D97B00E474B3 /* MyTaskHome.swift */ = {isa = PBXFileReference; lastKnownFileType = sourcecode.swift; path = MyTaskHome.swift; sourceTree = "<group>"; };
		109D81332B85D9F700E474B3 /* MyTask2.swift */ = {isa = PBXFileReference; lastKnownFileType = sourcecode.swift; path = MyTask2.swift; sourceTree = "<group>"; };
		109D81352B85E18100E474B3 /* AsyncLet.swift */ = {isa = PBXFileReference; lastKnownFileType = sourcecode.swift; path = AsyncLet.swift; sourceTree = "<group>"; };
		109D81372B85EAE000E474B3 /* MyTaskGroup.swift */ = {isa = PBXFileReference; lastKnownFileType = sourcecode.swift; path = MyTaskGroup.swift; sourceTree = "<group>"; };
		A2A619B52B0DD54E008BFB39 /* SwiftConcurrency.app */ = {isa = PBXFileReference; explicitFileType = wrapper.application; includeInIndex = 0; path = SwiftConcurrency.app; sourceTree = BUILT_PRODUCTS_DIR; };
		A2A619B82B0DD54E008BFB39 /* SwiftConcurrencyApp.swift */ = {isa = PBXFileReference; lastKnownFileType = sourcecode.swift; path = SwiftConcurrencyApp.swift; sourceTree = "<group>"; };
		A2A619BA2B0DD54E008BFB39 /* ContentView.swift */ = {isa = PBXFileReference; lastKnownFileType = sourcecode.swift; path = ContentView.swift; sourceTree = "<group>"; };
		A2A619BC2B0DD559008BFB39 /* Assets.xcassets */ = {isa = PBXFileReference; lastKnownFileType = folder.assetcatalog; path = Assets.xcassets; sourceTree = "<group>"; };
		A2A619BF2B0DD55A008BFB39 /* Preview Assets.xcassets */ = {isa = PBXFileReference; lastKnownFileType = folder.assetcatalog; path = "Preview Assets.xcassets"; sourceTree = "<group>"; };
		A2A619CA2B0DD726008BFB39 /* ClinicLocationTrackerDemo.swift */ = {isa = PBXFileReference; lastKnownFileType = sourcecode.swift; path = ClinicLocationTrackerDemo.swift; sourceTree = "<group>"; };
		A2A619CC2B0DD76D008BFB39 /* ClinicLocationTrackerViewModel.swift */ = {isa = PBXFileReference; lastKnownFileType = sourcecode.swift; path = ClinicLocationTrackerViewModel.swift; sourceTree = "<group>"; };
		A2A619CE2B0DD8AB008BFB39 /* ClinicLocationTrackerInfo.swift */ = {isa = PBXFileReference; lastKnownFileType = sourcecode.swift; path = ClinicLocationTrackerInfo.swift; sourceTree = "<group>"; };
/* End PBXFileReference section */

/* Begin PBXFrameworksBuildPhase section */
		A2A619B22B0DD54E008BFB39 /* Frameworks */ = {
			isa = PBXFrameworksBuildPhase;
			buildActionMask = 2147483647;
			files = (
			);
			runOnlyForDeploymentPostprocessing = 0;
		};
/* End PBXFrameworksBuildPhase section */

/* Begin PBXGroup section */
		A2A619AC2B0DD54E008BFB39 = {
			isa = PBXGroup;
			children = (
				A2A619B72B0DD54E008BFB39 /* SwiftConcurrency */,
				A2A619B62B0DD54E008BFB39 /* Products */,
			);
			sourceTree = "<group>";
		};
		A2A619B62B0DD54E008BFB39 /* Products */ = {
			isa = PBXGroup;
			children = (
				A2A619B52B0DD54E008BFB39 /* SwiftConcurrency.app */,
			);
			name = Products;
			sourceTree = "<group>";
		};
		A2A619B72B0DD54E008BFB39 /* SwiftConcurrency */ = {
			isa = PBXGroup;
			children = (
				A2A619C82B0DD683008BFB39 /* Demo */,
				A2A619B82B0DD54E008BFB39 /* SwiftConcurrencyApp.swift */,
				A2A619BA2B0DD54E008BFB39 /* ContentView.swift */,
				A2A619BC2B0DD559008BFB39 /* Assets.xcassets */,
				A2A619BE2B0DD55A008BFB39 /* Preview Content */,
			);
			path = SwiftConcurrency;
			sourceTree = "<group>";
		};
		A2A619BE2B0DD55A008BFB39 /* Preview Content */ = {
			isa = PBXGroup;
			children = (
				A2A619BF2B0DD55A008BFB39 /* Preview Assets.xcassets */,
			);
			path = "Preview Content";
			sourceTree = "<group>";
		};
		A2A619C82B0DD683008BFB39 /* Demo */ = {
			isa = PBXGroup;
			children = (
				A2A619C92B0DD6D1008BFB39 /* ClinicLocationTrackerInfo */,
				100832142B82E96E00A962C8 /* HardAndOptionalTry.swift */,
				100832162B82FC1600A962C8 /* AsyncAwait.swift */,
				109D812D2B85A7C800E474B3 /* AsyncAwait2.swift */,
				109D812F2B85C32900E474B3 /* MyTask.swift */,
				109D81332B85D9F700E474B3 /* MyTask2.swift */,
				109D81312B85D97B00E474B3 /* MyTaskHome.swift */,
				109D81352B85E18100E474B3 /* AsyncLet.swift */,
				109D81372B85EAE000E474B3 /* MyTaskGroup.swift */,
			);
			path = Demo;
			sourceTree = "<group>";
		};
		A2A619C92B0DD6D1008BFB39 /* ClinicLocationTrackerInfo */ = {
			isa = PBXGroup;
			children = (
				A2A619CE2B0DD8AB008BFB39 /* ClinicLocationTrackerInfo.swift */,
				A2A619CC2B0DD76D008BFB39 /* ClinicLocationTrackerViewModel.swift */,
				A2A619CA2B0DD726008BFB39 /* ClinicLocationTrackerDemo.swift */,
			);
			path = ClinicLocationTrackerInfo;
			sourceTree = "<group>";
		};
/* End PBXGroup section */

/* Begin PBXNativeTarget section */
		A2A619B42B0DD54E008BFB39 /* SwiftConcurrency */ = {
			isa = PBXNativeTarget;
			buildConfigurationList = A2A619C32B0DD55A008BFB39 /* Build configuration list for PBXNativeTarget "SwiftConcurrency" */;
			buildPhases = (
				A2A619B12B0DD54E008BFB39 /* Sources */,
				A2A619B22B0DD54E008BFB39 /* Frameworks */,
				A2A619B32B0DD54E008BFB39 /* Resources */,
			);
			buildRules = (
			);
			dependencies = (
			);
			name = SwiftConcurrency;
			productName = SwiftConcurrency;
			productReference = A2A619B52B0DD54E008BFB39 /* SwiftConcurrency.app */;
			productType = "com.apple.product-type.application";
		};
/* End PBXNativeTarget section */

/* Begin PBXProject section */
		A2A619AD2B0DD54E008BFB39 /* Project object */ = {
			isa = PBXProject;
			attributes = {
				BuildIndependentTargetsInParallel = 1;
				LastSwiftUpdateCheck = 1430;
				LastUpgradeCheck = 1430;
				TargetAttributes = {
					A2A619B42B0DD54E008BFB39 = {
						CreatedOnToolsVersion = 14.3.1;
					};
				};
			};
			buildConfigurationList = A2A619B02B0DD54E008BFB39 /* Build configuration list for PBXProject "SwiftConcurrency" */;
			compatibilityVersion = "Xcode 14.0";
			developmentRegion = en;
			hasScannedForEncodings = 0;
			knownRegions = (
				en,
				Base,
			);
			mainGroup = A2A619AC2B0DD54E008BFB39;
			productRefGroup = A2A619B62B0DD54E008BFB39 /* Products */;
			projectDirPath = "";
			projectRoot = "";
			targets = (
				A2A619B42B0DD54E008BFB39 /* SwiftConcurrency */,
			);
		};
/* End PBXProject section */

/* Begin PBXResourcesBuildPhase section */
		A2A619B32B0DD54E008BFB39 /* Resources */ = {
			isa = PBXResourcesBuildPhase;
			buildActionMask = 2147483647;
			files = (
				A2A619C02B0DD55A008BFB39 /* Preview Assets.xcassets in Resources */,
				A2A619BD2B0DD559008BFB39 /* Assets.xcassets in Resources */,
			);
			runOnlyForDeploymentPostprocessing = 0;
		};
/* End PBXResourcesBuildPhase section */

/* Begin PBXSourcesBuildPhase section */
		A2A619B12B0DD54E008BFB39 /* Sources */ = {
			isa = PBXSourcesBuildPhase;
			buildActionMask = 2147483647;
			files = (
				109D81362B85E18100E474B3 /* AsyncLet.swift in Sources */,
				A2A619CF2B0DD8AB008BFB39 /* ClinicLocationTrackerInfo.swift in Sources */,
				A2A619CB2B0DD726008BFB39 /* ClinicLocationTrackerDemo.swift in Sources */,
				109D812E2B85A7C800E474B3 /* AsyncAwait2.swift in Sources */,
				100832152B82E96E00A962C8 /* HardAndOptionalTry.swift in Sources */,
				A2A619BB2B0DD54E008BFB39 /* ContentView.swift in Sources */,
				A2A619CD2B0DD76D008BFB39 /* ClinicLocationTrackerViewModel.swift in Sources */,
				A2A619B92B0DD54E008BFB39 /* SwiftConcurrencyApp.swift in Sources */,
				109D81302B85C32900E474B3 /* MyTask.swift in Sources */,
				100832172B82FC1600A962C8 /* AsyncAwait.swift in Sources */,
				109D81342B85D9F700E474B3 /* MyTask2.swift in Sources */,
				109D81382B85EAE000E474B3 /* MyTaskGroup.swift in Sources */,
				109D81322B85D97B00E474B3 /* MyTaskHome.swift in Sources */,
			);
			runOnlyForDeploymentPostprocessing = 0;
		};
/* End PBXSourcesBuildPhase section */

/* Begin XCBuildConfiguration section */
		A2A619C12B0DD55A008BFB39 /* Debug */ = {
			isa = XCBuildConfiguration;
			buildSettings = {
				ALWAYS_SEARCH_USER_PATHS = NO;
				CLANG_ANALYZER_NONNULL = YES;
				CLANG_ANALYZER_NUMBER_OBJECT_CONVERSION = YES_AGGRESSIVE;
				CLANG_CXX_LANGUAGE_STANDARD = "gnu++20";
				CLANG_ENABLE_MODULES = YES;
				CLANG_ENABLE_OBJC_ARC = YES;
				CLANG_ENABLE_OBJC_WEAK = YES;
				CLANG_WARN_BLOCK_CAPTURE_AUTORELEASING = YES;
				CLANG_WARN_BOOL_CONVERSION = YES;
				CLANG_WARN_COMMA = YES;
				CLANG_WARN_CONSTANT_CONVERSION = YES;
				CLANG_WARN_DEPRECATED_OBJC_IMPLEMENTATIONS = YES;
				CLANG_WARN_DIRECT_OBJC_ISA_USAGE = YES_ERROR;
				CLANG_WARN_DOCUMENTATION_COMMENTS = YES;
				CLANG_WARN_EMPTY_BODY = YES;
				CLANG_WARN_ENUM_CONVERSION = YES;
				CLANG_WARN_INFINITE_RECURSION = YES;
				CLANG_WARN_INT_CONVERSION = YES;
				CLANG_WARN_NON_LITERAL_NULL_CONVERSION = YES;
				CLANG_WARN_OBJC_IMPLICIT_RETAIN_SELF = YES;
				CLANG_WARN_OBJC_LITERAL_CONVERSION = YES;
				CLANG_WARN_OBJC_ROOT_CLASS = YES_ERROR;
				CLANG_WARN_QUOTED_INCLUDE_IN_FRAMEWORK_HEADER = YES;
				CLANG_WARN_RANGE_LOOP_ANALYSIS = YES;
				CLANG_WARN_STRICT_PROTOTYPES = YES;
				CLANG_WARN_SUSPICIOUS_MOVE = YES;
				CLANG_WARN_UNGUARDED_AVAILABILITY = YES_AGGRESSIVE;
				CLANG_WARN_UNREACHABLE_CODE = YES;
				CLANG_WARN__DUPLICATE_METHOD_MATCH = YES;
				COPY_PHASE_STRIP = NO;
				DEBUG_INFORMATION_FORMAT = dwarf;
				ENABLE_STRICT_OBJC_MSGSEND = YES;
				ENABLE_TESTABILITY = YES;
				GCC_C_LANGUAGE_STANDARD = gnu11;
				GCC_DYNAMIC_NO_PIC = NO;
				GCC_NO_COMMON_BLOCKS = YES;
				GCC_OPTIMIZATION_LEVEL = 0;
				GCC_PREPROCESSOR_DEFINITIONS = (
					"DEBUG=1",
					"$(inherited)",
				);
				GCC_WARN_64_TO_32_BIT_CONVERSION = YES;
				GCC_WARN_ABOUT_RETURN_TYPE = YES_ERROR;
				GCC_WARN_UNDECLARED_SELECTOR = YES;
				GCC_WARN_UNINITIALIZED_AUTOS = YES_AGGRESSIVE;
				GCC_WARN_UNUSED_FUNCTION = YES;
				GCC_WARN_UNUSED_VARIABLE = YES;
				IPHONEOS_DEPLOYMENT_TARGET = 16.4;
				MTL_ENABLE_DEBUG_INFO = INCLUDE_SOURCE;
				MTL_FAST_MATH = YES;
				ONLY_ACTIVE_ARCH = YES;
				SDKROOT = iphoneos;
				SWIFT_ACTIVE_COMPILATION_CONDITIONS = DEBUG;
				SWIFT_OPTIMIZATION_LEVEL = "-Onone";
			};
			name = Debug;
		};
		A2A619C22B0DD55A008BFB39 /* Release */ = {
			isa = XCBuildConfiguration;
			buildSettings = {
				ALWAYS_SEARCH_USER_PATHS = NO;
				CLANG_ANALYZER_NONNULL = YES;
				CLANG_ANALYZER_NUMBER_OBJECT_CONVERSION = YES_AGGRESSIVE;
				CLANG_CXX_LANGUAGE_STANDARD = "gnu++20";
				CLANG_ENABLE_MODULES = YES;
				CLANG_ENABLE_OBJC_ARC = YES;
				CLANG_ENABLE_OBJC_WEAK = YES;
				CLANG_WARN_BLOCK_CAPTURE_AUTORELEASING = YES;
				CLANG_WARN_BOOL_CONVERSION = YES;
				CLANG_WARN_COMMA = YES;
				CLANG_WARN_CONSTANT_CONVERSION = YES;
				CLANG_WARN_DEPRECATED_OBJC_IMPLEMENTATIONS = YES;
				CLANG_WARN_DIRECT_OBJC_ISA_USAGE = YES_ERROR;
				CLANG_WARN_DOCUMENTATION_COMMENTS = YES;
				CLANG_WARN_EMPTY_BODY = YES;
				CLANG_WARN_ENUM_CONVERSION = YES;
				CLANG_WARN_INFINITE_RECURSION = YES;
				CLANG_WARN_INT_CONVERSION = YES;
				CLANG_WARN_NON_LITERAL_NULL_CONVERSION = YES;
				CLANG_WARN_OBJC_IMPLICIT_RETAIN_SELF = YES;
				CLANG_WARN_OBJC_LITERAL_CONVERSION = YES;
				CLANG_WARN_OBJC_ROOT_CLASS = YES_ERROR;
				CLANG_WARN_QUOTED_INCLUDE_IN_FRAMEWORK_HEADER = YES;
				CLANG_WARN_RANGE_LOOP_ANALYSIS = YES;
				CLANG_WARN_STRICT_PROTOTYPES = YES;
				CLANG_WARN_SUSPICIOUS_MOVE = YES;
				CLANG_WARN_UNGUARDED_AVAILABILITY = YES_AGGRESSIVE;
				CLANG_WARN_UNREACHABLE_CODE = YES;
				CLANG_WARN__DUPLICATE_METHOD_MATCH = YES;
				COPY_PHASE_STRIP = NO;
				DEBUG_INFORMATION_FORMAT = "dwarf-with-dsym";
				ENABLE_NS_ASSERTIONS = NO;
				ENABLE_STRICT_OBJC_MSGSEND = YES;
				GCC_C_LANGUAGE_STANDARD = gnu11;
				GCC_NO_COMMON_BLOCKS = YES;
				GCC_WARN_64_TO_32_BIT_CONVERSION = YES;
				GCC_WARN_ABOUT_RETURN_TYPE = YES_ERROR;
				GCC_WARN_UNDECLARED_SELECTOR = YES;
				GCC_WARN_UNINITIALIZED_AUTOS = YES_AGGRESSIVE;
				GCC_WARN_UNUSED_FUNCTION = YES;
				GCC_WARN_UNUSED_VARIABLE = YES;
				IPHONEOS_DEPLOYMENT_TARGET = 16.4;
				MTL_ENABLE_DEBUG_INFO = NO;
				MTL_FAST_MATH = YES;
				SDKROOT = iphoneos;
				SWIFT_COMPILATION_MODE = wholemodule;
				SWIFT_OPTIMIZATION_LEVEL = "-O";
				VALIDATE_PRODUCT = YES;
			};
			name = Release;
		};
		A2A619C42B0DD55A008BFB39 /* Debug */ = {
			isa = XCBuildConfiguration;
			buildSettings = {
				ASSETCATALOG_COMPILER_APPICON_NAME = AppIcon;
				ASSETCATALOG_COMPILER_GLOBAL_ACCENT_COLOR_NAME = AccentColor;
				CODE_SIGN_STYLE = Automatic;
				CURRENT_PROJECT_VERSION = 1;
				DEVELOPMENT_ASSET_PATHS = "\"SwiftConcurrency/Preview Content\"";
				ENABLE_PREVIEWS = YES;
				GENERATE_INFOPLIST_FILE = YES;
				INFOPLIST_KEY_UIApplicationSceneManifest_Generation = YES;
				INFOPLIST_KEY_UIApplicationSupportsIndirectInputEvents = YES;
				INFOPLIST_KEY_UILaunchScreen_Generation = YES;
				INFOPLIST_KEY_UISupportedInterfaceOrientations_iPad = "UIInterfaceOrientationPortrait UIInterfaceOrientationPortraitUpsideDown UIInterfaceOrientationLandscapeLeft UIInterfaceOrientationLandscapeRight";
				INFOPLIST_KEY_UISupportedInterfaceOrientations_iPhone = "UIInterfaceOrientationPortrait UIInterfaceOrientationLandscapeLeft UIInterfaceOrientationLandscapeRight";
				LD_RUNPATH_SEARCH_PATHS = (
					"$(inherited)",
					"@executable_path/Frameworks",
				);
				MARKETING_VERSION = 1.0;
				PRODUCT_BUNDLE_IDENTIFIER = com.wsr.SwiftConcurrency;
				PRODUCT_NAME = "$(TARGET_NAME)";
				SWIFT_EMIT_LOC_STRINGS = YES;
				SWIFT_VERSION = 5.0;
				TARGETED_DEVICE_FAMILY = "1,2";
			};
			name = Debug;
		};
		A2A619C52B0DD55A008BFB39 /* Release */ = {
			isa = XCBuildConfiguration;
			buildSettings = {
				ASSETCATALOG_COMPILER_APPICON_NAME = AppIcon;
				ASSETCATALOG_COMPILER_GLOBAL_ACCENT_COLOR_NAME = AccentColor;
				CODE_SIGN_STYLE = Automatic;
				CURRENT_PROJECT_VERSION = 1;
				DEVELOPMENT_ASSET_PATHS = "\"SwiftConcurrency/Preview Content\"";
				ENABLE_PREVIEWS = YES;
				GENERATE_INFOPLIST_FILE = YES;
				INFOPLIST_KEY_UIApplicationSceneManifest_Generation = YES;
				INFOPLIST_KEY_UIApplicationSupportsIndirectInputEvents = YES;
				INFOPLIST_KEY_UILaunchScreen_Generation = YES;
				INFOPLIST_KEY_UISupportedInterfaceOrientations_iPad = "UIInterfaceOrientationPortrait UIInterfaceOrientationPortraitUpsideDown UIInterfaceOrientationLandscapeLeft UIInterfaceOrientationLandscapeRight";
				INFOPLIST_KEY_UISupportedInterfaceOrientations_iPhone = "UIInterfaceOrientationPortrait UIInterfaceOrientationLandscapeLeft UIInterfaceOrientationLandscapeRight";
				LD_RUNPATH_SEARCH_PATHS = (
					"$(inherited)",
					"@executable_path/Frameworks",
				);
				MARKETING_VERSION = 1.0;
				PRODUCT_BUNDLE_IDENTIFIER = com.wsr.SwiftConcurrency;
				PRODUCT_NAME = "$(TARGET_NAME)";
				SWIFT_EMIT_LOC_STRINGS = YES;
				SWIFT_VERSION = 5.0;
				TARGETED_DEVICE_FAMILY = "1,2";
			};
			name = Release;
		};
/* End XCBuildConfiguration section */

/* Begin XCConfigurationList section */
		A2A619B02B0DD54E008BFB39 /* Build configuration list for PBXProject "SwiftConcurrency" */ = {
			isa = XCConfigurationList;
			buildConfigurations = (
				A2A619C12B0DD55A008BFB39 /* Debug */,
				A2A619C22B0DD55A008BFB39 /* Release */,
			);
			defaultConfigurationIsVisible = 0;
			defaultConfigurationName = Release;
		};
		A2A619C32B0DD55A008BFB39 /* Build configuration list for PBXNativeTarget "SwiftConcurrency" */ = {
			isa = XCConfigurationList;
			buildConfigurations = (
				A2A619C42B0DD55A008BFB39 /* Debug */,
				A2A619C52B0DD55A008BFB39 /* Release */,
			);
			defaultConfigurationIsVisible = 0;
			defaultConfigurationName = Release;
		};
/* End XCConfigurationList section */
	};
	rootObject = A2A619AD2B0DD54E008BFB39 /* Project object */;
}
